<?xml version="1.0" encoding="utf-8"?>
<Project ToolsVersion="4.0" xmlns="http://schemas.microsoft.com/developer/msbuild/2003">
  <ItemGroup>
    <ClCompile Include="main.cpp" />
    <ClCompile Include="..\external\imgui-master\imgui.cpp">
      <Filter>Engine\ImGui</Filter>
    </ClCompile>
    <ClCompile Include="..\external\imgui-master\imgui_draw.cpp">
      <Filter>Engine\ImGui</Filter>
    </ClCompile>
    <ClCompile Include="..\external\imgui-master\imgui_widgets.cpp">
      <Filter>Engine\ImGui</Filter>
    </ClCompile>
    <ClCompile Include="..\external\imgui-sfml-master\imgui-SFML.cpp">
      <Filter>Engine\ImGui</Filter>
    </ClCompile>
    <ClCompile Include="..\external\imgui-master\imgui_demo.cpp">
      <Filter>Engine\ImGui</Filter>
    </ClCompile>
    <ClCompile Include="..\external\imgui-master\imgui_tables.cpp">
      <Filter>Engine\ImGui</Filter>
    </ClCompile>
    <ClCompile Include="MainLoop.cpp">
      <Filter>Game</Filter>
    </ClCompile>
    <ClCompile Include="Game\MainCharacter.cpp">
      <Filter>Game\Demo</Filter>
    </ClCompile>
    <ClCompile Include="Game\Door.cpp">
      <Filter>Game\Demo</Filter>
    </ClCompile>
    <ClCompile Include="Game\GameDemo.cpp">
      <Filter>Game\Demo</Filter>
    </ClCompile>
    <ClCompile Include="Engine\Game.cpp">
      <Filter>Engine\Demo</Filter>
    </ClCompile>
    <ClCompile Include="Engine\Collision.cpp">
      <Filter>Engine\Demo</Filter>
    </ClCompile>
    <ClCompile Include="PlayContext.cpp">
      <Filter>Game\Context</Filter>
    </ClCompile>
    <ClCompile Include="Context.cpp">
      <Filter>Game\Context</Filter>
    </ClCompile>
    <ClCompile Include="Engine\Entities\Entity.cpp">
      <Filter>Engine\Entities</Filter>
    </ClCompile>
    <ClCompile Include="Game\Entities\Dynamic\Flower.cpp">
      <Filter>Game\Entities\Dynamic</Filter>
    </ClCompile>
    <ClCompile Include="Game\Entities\Dynamic\Insect.cpp">
      <Filter>Game\Entities\Dynamic</Filter>
    </ClCompile>
    <ClCompile Include="Game\Entities\Static\TowerEmplacement.cpp">
      <Filter>Game\Entities\Static</Filter>
    </ClCompile>
    <ClCompile Include="Engine\Shapes\Shape.cpp">
      <Filter>Engine\Shapes</Filter>
    </ClCompile>
    <ClCompile Include="Engine\Shapes\Circle.cpp">
      <Filter>Engine\Shapes</Filter>
    </ClCompile>
  </ItemGroup>
  <ItemGroup>
    <ClInclude Include="stdafx.h" />
    <ClInclude Include="..\external\imgui-master\imgui_internal.h">
      <Filter>Engine\ImGui</Filter>
    </ClInclude>
    <ClInclude Include="..\external\imgui-master\imgui.h">
      <Filter>Engine\ImGui</Filter>
    </ClInclude>
    <ClInclude Include="..\external\imgui-sfml-master\imgui-SFML.h">
      <Filter>Engine\ImGui</Filter>
    </ClInclude>
    <ClInclude Include="MainLoop.h">
      <Filter>Game</Filter>
    </ClInclude>
    <ClInclude Include="Game\MainCharacter.h">
      <Filter>Game\Demo</Filter>
    </ClInclude>
    <ClInclude Include="Game\GameDemo.h">
      <Filter>Game\Demo</Filter>
    </ClInclude>
    <ClInclude Include="Game\Door.h">
      <Filter>Game\Demo</Filter>
    </ClInclude>
    <ClInclude Include="Engine\Game.h">
      <Filter>Engine\Demo</Filter>
    </ClInclude>
    <ClInclude Include="Engine\Collision.h">
      <Filter>Engine\Demo</Filter>
    </ClInclude>
    <ClInclude Include="PlayContext.h">
      <Filter>Game\Context</Filter>
    </ClInclude>
    <ClInclude Include="Context.h">
      <Filter>Game\Context</Filter>
    </ClInclude>
    <ClInclude Include="EntityType.h">
      <Filter>Game\Entities\Dynamic</Filter>
    </ClInclude>
    <ClInclude Include="Engine\Entities\Entity.h">
      <Filter>Engine\Entities</Filter>
    </ClInclude>
    <ClInclude Include="Game\Entities\Dynamic\Flower.h">
      <Filter>Game\Entities\Dynamic</Filter>
    </ClInclude>
    <ClInclude Include="Game\Entities\Dynamic\Insect.h">
      <Filter>Game\Entities\Dynamic</Filter>
    </ClInclude>
    <ClInclude Include="Game\Entities\Static\TowerEmplacement.h">
      <Filter>Game\Entities\Static</Filter>
    </ClInclude>
    <ClInclude Include="Engine\Shapes\Shape.h">
      <Filter>Engine\Shapes</Filter>
    </ClInclude>
    <ClInclude Include="Engine\Shapes\Circle.h">
      <Filter>Engine\Shapes</Filter>
    </ClInclude>
  </ItemGroup>
  <ItemGroup>
    <Filter Include="Engine">
      <UniqueIdentifier>{cdcbff54-e6fd-43a3-a20c-abdf62e8e4d7}</UniqueIdentifier>
    </Filter>
    <Filter Include="Game">
      <UniqueIdentifier>{56dbd27f-69d6-403c-b717-2026591c616d}</UniqueIdentifier>
    </Filter>
    <Filter Include="Engine\ImGui">
      <UniqueIdentifier>{f630cd3c-1cea-471c-9a95-a35b86a8dd9e}</UniqueIdentifier>
    </Filter>
    <Filter Include="Game\Entities">
      <UniqueIdentifier>{1ebb8cb2-f30f-48aa-90b3-caaf13ac03b9}</UniqueIdentifier>
    </Filter>
    <Filter Include="Game\Demo">
      <UniqueIdentifier>{ec1cf4e2-4f83-4355-93b7-39f605d26411}</UniqueIdentifier>
    </Filter>
    <Filter Include="Engine\Demo">
      <UniqueIdentifier>{ca0ffad1-3364-4340-90aa-a1b7939b11ae}</UniqueIdentifier>
    </Filter>
    <Filter Include="Game\Context">
      <UniqueIdentifier>{8484cf38-7f27-4740-89b7-1a255c25e000}</UniqueIdentifier>
    </Filter>
    <Filter Include="Game\Entities\Dynamic">
      <UniqueIdentifier>{50066bc9-5842-4d0f-a6d1-9f574e989799}</UniqueIdentifier>
    </Filter>
    <Filter Include="Game\Entities\Static">
      <UniqueIdentifier>{4f32e13e-5938-494d-bb41-4152807a332a}</UniqueIdentifier>
    </Filter>
    <Filter Include="Engine\Entities">
      <UniqueIdentifier>{b7727d2e-4033-4258-b1ec-d102c8c7bff8}</UniqueIdentifier>
    </Filter>
    <Filter Include="Engine\Shapes">
      <UniqueIdentifier>{51aeb136-f421-4c6c-b87f-c644fb0b41a7}</UniqueIdentifier>
    </Filter>
  </ItemGroup>
</Project>