<?xml version="1.0" encoding="utf-8"?>
<Project ToolsVersion="4.0" xmlns="http://schemas.microsoft.com/developer/msbuild/2003">
  <ItemGroup>
    <ClCompile Include="main.cpp" />
    <ClCompile Include="..\external\imgui-master\imgui.cpp">
      <Filter>Engine\ImGui</Filter>
    </ClCompile>
    <ClCompile Include="..\external\imgui-master\imgui_draw.cpp">
      <Filter>Engine\ImGui</Filter>
    </ClCompile>
    <ClCompile Include="..\external\imgui-master\imgui_widgets.cpp">
      <Filter>Engine\ImGui</Filter>
    </ClCompile>
    <ClCompile Include="..\external\imgui-sfml-master\imgui-SFML.cpp">
      <Filter>Engine\ImGui</Filter>
    </ClCompile>
    <ClCompile Include="..\external\imgui-master\imgui_demo.cpp">
      <Filter>Engine\ImGui</Filter>
    </ClCompile>
    <ClCompile Include="..\external\imgui-master\imgui_tables.cpp">
      <Filter>Engine\ImGui</Filter>
    </ClCompile>
    <ClCompile Include="Game\MainCharacter.cpp">
      <Filter>Game\Demo</Filter>
    </ClCompile>
    <ClCompile Include="Game\Door.cpp">
      <Filter>Game\Demo</Filter>
    </ClCompile>
    <ClCompile Include="Game\GameDemo.cpp">
      <Filter>Game\Demo</Filter>
    </ClCompile>
    <ClCompile Include="Engine\Game.cpp">
      <Filter>Engine\Demo</Filter>
    </ClCompile>
    <ClCompile Include="Engine\Collision.cpp">
      <Filter>Engine\Demo</Filter>
    </ClCompile>
    <ClCompile Include="Engine\Entities\Entity.cpp">
      <Filter>Engine\Entities</Filter>
    </ClCompile>
    <ClCompile Include="Game\Entities\Dynamic\Flower.cpp">
      <Filter>Game\Entities\Dynamic</Filter>
    </ClCompile>
    <ClCompile Include="Game\Entities\Dynamic\Insect.cpp">
      <Filter>Game\Entities\Dynamic</Filter>
    </ClCompile>
    <ClCompile Include="Game\Entities\Static\TowerEmplacement.cpp">
      <Filter>Game\Entities\Static</Filter>
    </ClCompile>
    <ClCompile Include="Game\Entities\Static\Path.cpp">
      <Filter>Game\Entities\Static</Filter>
    </ClCompile>
    <ClCompile Include="Engine\File.cpp">
      <Filter>Engine</Filter>
    </ClCompile>
    <ClCompile Include="Game\Context\PlayContext.cpp">
      <Filter>Game\Context</Filter>
    </ClCompile>
    <ClCompile Include="Game\MainLoop.cpp">
      <Filter>Game</Filter>
    </ClCompile>
    <ClCompile Include="Engine\Context\Context.cpp">
      <Filter>Engine\Context</Filter>
    </ClCompile>
    <ClCompile Include="Game\Entities\Static\FlowerMenu.cpp">
      <Filter>Game\Entities\Static</Filter>
    </ClCompile>
    <ClCompile Include="Game\Waves\Wave.cpp">
      <Filter>Game\Waves</Filter>
    </ClCompile>
    <ClCompile Include="Engine\Draw\Color.cpp">
      <Filter>Engine\Draw</Filter>
    </ClCompile>
    <ClCompile Include="Engine\Draw\TextList.cpp">
      <Filter>Engine\Draw</Filter>
    </ClCompile>
    <ClCompile Include="Engine\Draw\Shapes\Circle.cpp">
      <Filter>Engine\Draw\Shapes</Filter>
    </ClCompile>
    <ClCompile Include="Engine\Draw\Shapes\Line.cpp">
      <Filter>Engine\Draw\Shapes</Filter>
    </ClCompile>
    <ClCompile Include="Engine\Draw\Shapes\Point.cpp">
      <Filter>Engine\Draw\Shapes</Filter>
    </ClCompile>
    <ClCompile Include="Engine\Draw\Shapes\Rectangle.cpp">
      <Filter>Engine\Draw\Shapes</Filter>
    </ClCompile>
    <ClCompile Include="Engine\Draw\Shapes\Shape.cpp">
      <Filter>Engine\Draw\Shapes</Filter>
    </ClCompile>
    <ClCompile Include="Engine\Physics\Physics.cpp">
      <Filter>Engine\Physics</Filter>
    </ClCompile>
    <ClCompile Include="Game\Entities\Dynamic\Seed.cpp">
      <Filter>Game\Entities\Dynamic</Filter>
    </ClCompile>
  </ItemGroup>
  <ItemGroup>
    <ClInclude Include="stdafx.h" />
    <ClInclude Include="..\external\imgui-master\imgui_internal.h">
      <Filter>Engine\ImGui</Filter>
    </ClInclude>
    <ClInclude Include="..\external\imgui-master\imgui.h">
      <Filter>Engine\ImGui</Filter>
    </ClInclude>
    <ClInclude Include="..\external\imgui-sfml-master\imgui-SFML.h">
      <Filter>Engine\ImGui</Filter>
    </ClInclude>
    <ClInclude Include="Game\MainCharacter.h">
      <Filter>Game\Demo</Filter>
    </ClInclude>
    <ClInclude Include="Game\GameDemo.h">
      <Filter>Game\Demo</Filter>
    </ClInclude>
    <ClInclude Include="Game\Door.h">
      <Filter>Game\Demo</Filter>
    </ClInclude>
    <ClInclude Include="Engine\Game.h">
      <Filter>Engine\Demo</Filter>
    </ClInclude>
    <ClInclude Include="Engine\Collision.h">
      <Filter>Engine\Demo</Filter>
    </ClInclude>
    <ClInclude Include="Engine\Entities\Entity.h">
      <Filter>Engine\Entities</Filter>
    </ClInclude>
    <ClInclude Include="Game\Entities\Dynamic\Flower.h">
      <Filter>Game\Entities\Dynamic</Filter>
    </ClInclude>
    <ClInclude Include="Game\Entities\Dynamic\Insect.h">
      <Filter>Game\Entities\Dynamic</Filter>
    </ClInclude>
    <ClInclude Include="Game\Entities\Static\TowerEmplacement.h">
      <Filter>Game\Entities\Static</Filter>
    </ClInclude>
    <ClInclude Include="Game\Entities\Static\Path.h">
      <Filter>Game\Entities\Static</Filter>
    </ClInclude>
    <ClInclude Include="Engine\Direction.h">
      <Filter>Game\Entities\Dynamic</Filter>
    </ClInclude>
    <ClInclude Include="resource.h">
      <Filter>Resources</Filter>
    </ClInclude>
    <ClInclude Include="Engine\File.h">
      <Filter>Engine</Filter>
    </ClInclude>
    <ClInclude Include="Game\Context\PlayContext.h">
      <Filter>Game\Context</Filter>
    </ClInclude>
    <ClInclude Include="Game\MainLoop.h">
      <Filter>Game</Filter>
    </ClInclude>
    <ClInclude Include="Engine\Context\Context.h">
      <Filter>Engine\Context</Filter>
    </ClInclude>
    <ClInclude Include="Game\Entities\Static\FlowerMenu.h">
      <Filter>Game\Entities\Static</Filter>
    </ClInclude>
    <ClInclude Include="Game\Entities\EntityType.h">
      <Filter>Game\Entities</Filter>
    </ClInclude>
    <ClInclude Include="Game\Waves\Wave.h">
      <Filter>Game\Waves</Filter>
    </ClInclude>
    <ClInclude Include="Engine\Draw\Color.h">
      <Filter>Engine\Draw</Filter>
    </ClInclude>
    <ClInclude Include="Engine\Draw\TextList.h">
      <Filter>Engine\Draw</Filter>
    </ClInclude>
    <ClInclude Include="Engine\Draw\Shapes\Circle.h">
      <Filter>Engine\Draw\Shapes</Filter>
    </ClInclude>
    <ClInclude Include="Engine\Draw\Shapes\Line.h">
      <Filter>Engine\Draw\Shapes</Filter>
    </ClInclude>
    <ClInclude Include="Engine\Draw\Shapes\Point.h">
      <Filter>Engine\Draw\Shapes</Filter>
    </ClInclude>
    <ClInclude Include="Engine\Draw\Shapes\Rectangle.h">
      <Filter>Engine\Draw\Shapes</Filter>
    </ClInclude>
    <ClInclude Include="Engine\Draw\Shapes\Shape.h">
      <Filter>Engine\Draw\Shapes</Filter>
    </ClInclude>
    <ClInclude Include="..\utils\magic_enum\include\magic_enum.hpp">
      <Filter>utils\magic_enum</Filter>
    </ClInclude>
    <ClInclude Include="Engine\Physics\Physics.h">
      <Filter>Engine\Physics</Filter>
    </ClInclude>
    <ClInclude Include="Game\Entities\Dynamic\Seed.h">
      <Filter>Game\Entities\Dynamic</Filter>
    </ClInclude>
  </ItemGroup>
  <ItemGroup>
    <Filter Include="Engine">
      <UniqueIdentifier>{cdcbff54-e6fd-43a3-a20c-abdf62e8e4d7}</UniqueIdentifier>
    </Filter>
    <Filter Include="Game">
      <UniqueIdentifier>{56dbd27f-69d6-403c-b717-2026591c616d}</UniqueIdentifier>
    </Filter>
    <Filter Include="Engine\ImGui">
      <UniqueIdentifier>{f630cd3c-1cea-471c-9a95-a35b86a8dd9e}</UniqueIdentifier>
    </Filter>
    <Filter Include="Game\Entities">
      <UniqueIdentifier>{1ebb8cb2-f30f-48aa-90b3-caaf13ac03b9}</UniqueIdentifier>
    </Filter>
    <Filter Include="Game\Demo">
      <UniqueIdentifier>{ec1cf4e2-4f83-4355-93b7-39f605d26411}</UniqueIdentifier>
    </Filter>
    <Filter Include="Engine\Demo">
      <UniqueIdentifier>{ca0ffad1-3364-4340-90aa-a1b7939b11ae}</UniqueIdentifier>
    </Filter>
    <Filter Include="Game\Context">
      <UniqueIdentifier>{8484cf38-7f27-4740-89b7-1a255c25e000}</UniqueIdentifier>
    </Filter>
    <Filter Include="Game\Entities\Dynamic">
      <UniqueIdentifier>{50066bc9-5842-4d0f-a6d1-9f574e989799}</UniqueIdentifier>
    </Filter>
    <Filter Include="Game\Entities\Static">
      <UniqueIdentifier>{4f32e13e-5938-494d-bb41-4152807a332a}</UniqueIdentifier>
    </Filter>
    <Filter Include="Engine\Entities">
      <UniqueIdentifier>{b7727d2e-4033-4258-b1ec-d102c8c7bff8}</UniqueIdentifier>
    </Filter>
    <Filter Include="Engine\Context">
      <UniqueIdentifier>{5a5dcef4-a20c-4f44-94b4-f1240082d76b}</UniqueIdentifier>
    </Filter>
    <Filter Include="Resources">
      <UniqueIdentifier>{f4b56b31-e95c-4ae5-a1f1-271484d157ce}</UniqueIdentifier>
    </Filter>
    <Filter Include="Resources\Levels">
      <UniqueIdentifier>{983de0d9-11c6-4ae9-ab13-d653a8014802}</UniqueIdentifier>
    </Filter>
    <Filter Include="Game\Waves">
      <UniqueIdentifier>{89b8b510-6162-459a-887a-58b3c20fca6b}</UniqueIdentifier>
    </Filter>
    <Filter Include="Engine\Draw">
      <UniqueIdentifier>{b8615345-65ed-4e46-b28e-559f34d23735}</UniqueIdentifier>
    </Filter>
    <Filter Include="Engine\Draw\Shapes">
      <UniqueIdentifier>{51aeb136-f421-4c6c-b87f-c644fb0b41a7}</UniqueIdentifier>
    </Filter>
    <Filter Include="utils">
      <UniqueIdentifier>{a982c356-b44d-4805-add8-806cca6d8e40}</UniqueIdentifier>
    </Filter>
    <Filter Include="utils\magic_enum">
      <UniqueIdentifier>{561063fb-da77-4175-920e-9e615f3afa7b}</UniqueIdentifier>
    </Filter>
    <Filter Include="Engine\Physics">
      <UniqueIdentifier>{fa437b99-ddab-4e5f-b7f2-0dbbc13abef6}</UniqueIdentifier>
    </Filter>
  </ItemGroup>
  <ItemGroup>
    <ResourceCompile Include="WomxnDevelopUbisoftDemo.rc" />
  </ItemGroup>
  <ItemGroup>
    <Text Include="Resources\Levels\lvl_0.txt">
      <Filter>Resources\Levels</Filter>
    </Text>
    <Text Include="Resources\Levels\lvl_example.txt">
      <Filter>Resources\Levels</Filter>
    </Text>
  </ItemGroup>
</Project>